
Microsoft Visual Studio Solution File, Format Version 12.00
# Visual Studio 15
VisualStudioVersion = 15.0.28307.421
MinimumVisualStudioVersion = 10.0.40219.1
Project("{FAE04EC0-301F-11D3-BF4B-00C04F79EFBC}") = "Day1", "Day1\Day1.csproj", "{8A8056D3-DA8E-4BDD-8D7F-132297533BBA}"
EndProject
Project("{FAE04EC0-301F-11D3-BF4B-00C04F79EFBC}") = "Day2", "Day2\Day2.csproj", "{46C81F19-721B-47D6-84C2-AF8DEB18A3C9}"
EndProject
Project("{FAE04EC0-301F-11D3-BF4B-00C04F79EFBC}") = "Day3", "Day3\Day3.csproj", "{5DAB8BAD-A780-4CCA-8944-FC5966D6A66C}"
EndProject
Project("{FAE04EC0-301F-11D3-BF4B-00C04F79EFBC}") = "Day4", "Day4\Day4.csproj", "{5257E287-846D-4561-90DF-D86F9616EE50}"
EndProject
Project("{FAE04EC0-301F-11D3-BF4B-00C04F79EFBC}") = "Day5", "Day5\Day5.csproj", "{3AD62F43-5A82-43B2-BF15-BB980C658058}"
EndProject
Project("{2150E333-8FDC-42A3-9474-1A3956D46DE8}") = "Solution Items", "Solution Items", "{5D026E78-48BB-49E4-BE39-EF3713E01D51}"
	ProjectSection(SolutionItems) = preProject
		.gitignore = .gitignore
		LICENSE = LICENSE
		README.md = README.md
	EndProjectSection
EndProject
Project("{FAE04EC0-301F-11D3-BF4B-00C04F79EFBC}") = "Day6", "Day6\Day6.csproj", "{D8C0EC67-E68B-4776-96A3-C60C194A76D4}"
EndProject
Project("{FAE04EC0-301F-11D3-BF4B-00C04F79EFBC}") = "Day7", "Day7\Day7.csproj", "{03249C74-39CB-4C4A-821B-57CFB9EC0C5E}"
EndProject
Project("{FAE04EC0-301F-11D3-BF4B-00C04F79EFBC}") = "Day8", "Day8\Day8.csproj", "{479547AF-5DB4-4DD2-9ABA-74F9F9E91AA7}"
EndProject
Project("{FAE04EC0-301F-11D3-BF4B-00C04F79EFBC}") = "Day9", "Day9\Day9.csproj", "{CA1DDA89-6018-4FFE-B033-568AF3726170}"
EndProject
Project("{FAE04EC0-301F-11D3-BF4B-00C04F79EFBC}") = "Day10", "Day10\Day10.csproj", "{0C937E70-ACD6-449C-BE2A-0C1D1F2ADA58}"
EndProject
Project("{FAE04EC0-301F-11D3-BF4B-00C04F79EFBC}") = "Day11", "Day11\Day11.csproj", "{E833B026-08E6-466C-803A-3409CAF685F9}"
EndProject
Project("{FAE04EC0-301F-11D3-BF4B-00C04F79EFBC}") = "Day12", "Day12\Day12.csproj", "{C6C5DBF2-889A-401A-803D-9D9DE472DDDB}"
EndProject
Global
	GlobalSection(SolutionConfigurationPlatforms) = preSolution
		Debug|x86 = Debug|x86
		Release|x86 = Release|x86
	EndGlobalSection
	GlobalSection(ProjectConfigurationPlatforms) = postSolution
		{8A8056D3-DA8E-4BDD-8D7F-132297533BBA}.Debug|x86.ActiveCfg = Debug|x86
		{8A8056D3-DA8E-4BDD-8D7F-132297533BBA}.Debug|x86.Build.0 = Debug|x86
		{8A8056D3-DA8E-4BDD-8D7F-132297533BBA}.Release|x86.ActiveCfg = Release|x86
		{8A8056D3-DA8E-4BDD-8D7F-132297533BBA}.Release|x86.Build.0 = Release|x86
		{46C81F19-721B-47D6-84C2-AF8DEB18A3C9}.Debug|x86.ActiveCfg = Debug|x86
		{46C81F19-721B-47D6-84C2-AF8DEB18A3C9}.Debug|x86.Build.0 = Debug|x86
		{46C81F19-721B-47D6-84C2-AF8DEB18A3C9}.Release|x86.ActiveCfg = Release|x86
		{46C81F19-721B-47D6-84C2-AF8DEB18A3C9}.Release|x86.Build.0 = Release|x86
		{5DAB8BAD-A780-4CCA-8944-FC5966D6A66C}.Debug|x86.ActiveCfg = Debug|x86
		{5DAB8BAD-A780-4CCA-8944-FC5966D6A66C}.Debug|x86.Build.0 = Debug|x86
		{5DAB8BAD-A780-4CCA-8944-FC5966D6A66C}.Release|x86.ActiveCfg = Release|x86
		{5DAB8BAD-A780-4CCA-8944-FC5966D6A66C}.Release|x86.Build.0 = Release|x86
		{5257E287-846D-4561-90DF-D86F9616EE50}.Debug|x86.ActiveCfg = Debug|x86
		{5257E287-846D-4561-90DF-D86F9616EE50}.Debug|x86.Build.0 = Debug|x86
		{5257E287-846D-4561-90DF-D86F9616EE50}.Release|x86.ActiveCfg = Release|x86
		{5257E287-846D-4561-90DF-D86F9616EE50}.Release|x86.Build.0 = Release|x86
		{3AD62F43-5A82-43B2-BF15-BB980C658058}.Debug|x86.ActiveCfg = Debug|x86
		{3AD62F43-5A82-43B2-BF15-BB980C658058}.Debug|x86.Build.0 = Debug|x86
		{3AD62F43-5A82-43B2-BF15-BB980C658058}.Release|x86.ActiveCfg = Release|x86
		{3AD62F43-5A82-43B2-BF15-BB980C658058}.Release|x86.Build.0 = Release|x86
		{D8C0EC67-E68B-4776-96A3-C60C194A76D4}.Debug|x86.ActiveCfg = Debug|x86
		{D8C0EC67-E68B-4776-96A3-C60C194A76D4}.Debug|x86.Build.0 = Debug|x86
		{D8C0EC67-E68B-4776-96A3-C60C194A76D4}.Release|x86.ActiveCfg = Release|x86
		{D8C0EC67-E68B-4776-96A3-C60C194A76D4}.Release|x86.Build.0 = Release|x86
		{03249C74-39CB-4C4A-821B-57CFB9EC0C5E}.Debug|x86.ActiveCfg = Debug|x86
		{03249C74-39CB-4C4A-821B-57CFB9EC0C5E}.Debug|x86.Build.0 = Debug|x86
		{03249C74-39CB-4C4A-821B-57CFB9EC0C5E}.Release|x86.ActiveCfg = Release|x86
		{03249C74-39CB-4C4A-821B-57CFB9EC0C5E}.Release|x86.Build.0 = Release|x86
		{479547AF-5DB4-4DD2-9ABA-74F9F9E91AA7}.Debug|x86.ActiveCfg = Debug|x86
		{479547AF-5DB4-4DD2-9ABA-74F9F9E91AA7}.Debug|x86.Build.0 = Debug|x86
		{479547AF-5DB4-4DD2-9ABA-74F9F9E91AA7}.Release|x86.ActiveCfg = Release|x86
		{479547AF-5DB4-4DD2-9ABA-74F9F9E91AA7}.Release|x86.Build.0 = Release|x86
		{CA1DDA89-6018-4FFE-B033-568AF3726170}.Debug|x86.ActiveCfg = Debug|x86
		{CA1DDA89-6018-4FFE-B033-568AF3726170}.Debug|x86.Build.0 = Debug|x86
		{CA1DDA89-6018-4FFE-B033-568AF3726170}.Release|x86.ActiveCfg = Release|x86
		{CA1DDA89-6018-4FFE-B033-568AF3726170}.Release|x86.Build.0 = Release|x86
		{0C937E70-ACD6-449C-BE2A-0C1D1F2ADA58}.Debug|x86.ActiveCfg = Debug|x86
		{0C937E70-ACD6-449C-BE2A-0C1D1F2ADA58}.Debug|x86.Build.0 = Debug|x86
		{0C937E70-ACD6-449C-BE2A-0C1D1F2ADA58}.Release|x86.ActiveCfg = Release|x86
		{0C937E70-ACD6-449C-BE2A-0C1D1F2ADA58}.Release|x86.Build.0 = Release|x86
		{E833B026-08E6-466C-803A-3409CAF685F9}.Debug|x86.ActiveCfg = Debug|x86
		{E833B026-08E6-466C-803A-3409CAF685F9}.Debug|x86.Build.0 = Debug|x86
		{E833B026-08E6-466C-803A-3409CAF685F9}.Release|x86.ActiveCfg = Release|x86
		{E833B026-08E6-466C-803A-3409CAF685F9}.Release|x86.Build.0 = Release|x86
		{C6C5DBF2-889A-401A-803D-9D9DE472DDDB}.Debug|x86.ActiveCfg = Debug|x86
		{C6C5DBF2-889A-401A-803D-9D9DE472DDDB}.Debug|x86.Build.0 = Debug|x86
		{C6C5DBF2-889A-401A-803D-9D9DE472DDDB}.Release|x86.ActiveCfg = Release|x86
		{C6C5DBF2-889A-401A-803D-9D9DE472DDDB}.Release|x86.Build.0 = Release|x86
	EndGlobalSection
	GlobalSection(SolutionProperties) = preSolution
		HideSolutionNode = FALSE
	EndGlobalSection
	GlobalSection(ExtensibilityGlobals) = postSolution
		SolutionGuid = {79C36595-56BD-4DE0-A36F-3EC585255D09}
	EndGlobalSection
EndGlobal
